
Microsoft Visual Studio Solution File, Format Version 12.00
# Visual Studio Version 16
VisualStudioVersion = 16.0.30517.126
MinimumVisualStudioVersion = 10.0.40219.1
Project("{FAE04EC0-301F-11D3-BF4B-00C04F79EFBC}") = "SpecFlowIntro1", "SpecFlowIntro1\SpecFlowIntro1.csproj", "{59DC7BB1-223B-4E38-8D3C-B360FDAFC030}"
EndProject
Global
	GlobalSection(SolutionConfigurationPlatforms) = preSolution
		Debug|Any CPU = Debug|Any CPU
		Release|Any CPU = Release|Any CPU
	EndGlobalSection
	GlobalSection(ProjectConfigurationPlatforms) = postSolution
		{59DC7BB1-223B-4E38-8D3C-B360FDAFC030}.Debug|Any CPU.ActiveCfg = Debug|Any CPU
		{59DC7BB1-223B-4E38-8D3C-B360FDAFC030}.Debug|Any CPU.Build.0 = Debug|Any CPU
		{59DC7BB1-223B-4E38-8D3C-B360FDAFC030}.Release|Any CPU.ActiveCfg = Release|Any CPU
		{59DC7BB1-223B-4E38-8D3C-B360FDAFC030}.Release|Any CPU.Build.0 = Release|Any CPU
	EndGlobalSection
	GlobalSection(SolutionProperties) = preSolution
		HideSolutionNode = FALSE
	EndGlobalSection
	GlobalSection(ExtensibilityGlobals) = postSolution
		SolutionGuid = {9A01AF5E-26C4-43E0-833E-61094C838C60}
	EndGlobalSection
EndGlobal
